
Microsoft Visual Studio Solution File, Format Version 12.00
# Visual Studio Version 17
VisualStudioVersion = 17.11.35222.181
MinimumVisualStudioVersion = 10.0.40219.1
Project("{FAE04EC0-301F-11D3-BF4B-00C04F79EFBC}") = "bai8_DB", "bai8_DB.csproj", "{D5362DE1-618A-4990-A7A6-B783FB4DACC5}"
EndProject
Global
	GlobalSection(SolutionConfigurationPlatforms) = preSolution
		Debug|Any CPU = Debug|Any CPU
		Release|Any CPU = Release|Any CPU
	EndGlobalSection
	GlobalSection(ProjectConfigurationPlatforms) = postSolution
		{D5362DE1-618A-4990-A7A6-B783FB4DACC5}.Debug|Any CPU.ActiveCfg = Debug|Any CPU
		{D5362DE1-618A-4990-A7A6-B783FB4DACC5}.Debug|Any CPU.Build.0 = Debug|Any CPU
		{D5362DE1-618A-4990-A7A6-B783FB4DACC5}.Release|Any CPU.ActiveCfg = Release|Any CPU
		{D5362DE1-618A-4990-A7A6-B783FB4DACC5}.Release|Any CPU.Build.0 = Release|Any CPU
	EndGlobalSection
	GlobalSection(SolutionProperties) = preSolution
		HideSolutionNode = FALSE
	EndGlobalSection
	GlobalSection(ExtensibilityGlobals) = postSolution
		SolutionGuid = {E8AEB6B7-4919-4911-8DBF-48F59DF1003C}
	EndGlobalSection
EndGlobal
